
Microsoft Visual Studio Solution File, Format Version 12.00
# Visual Studio Version 17
VisualStudioVersion = 17.5.33627.172
MinimumVisualStudioVersion = 10.0.40219.1
Project("{FAE04EC0-301F-11D3-BF4B-00C04F79EFBC}") = "EFCoreConApp", "EFCoreConApp\EFCoreConApp.csproj", "{B6AA9282-DCDE-4604-847D-2166AB8BCC7F}"
EndProject
Project("{2150E333-8FDC-42A3-9474-1A3956D46DE8}") = "Solution Items", "Solution Items", "{5A10C25F-5EC8-4F36-9514-A883BEE5357F}"
	ProjectSection(SolutionItems) = preProject
		README.md = README.md
	EndProjectSection
EndProject
Global
	GlobalSection(SolutionConfigurationPlatforms) = preSolution
		Debug|Any CPU = Debug|Any CPU
		Release|Any CPU = Release|Any CPU
	EndGlobalSection
	GlobalSection(ProjectConfigurationPlatforms) = postSolution
		{B6AA9282-DCDE-4604-847D-2166AB8BCC7F}.Debug|Any CPU.ActiveCfg = Debug|Any CPU
		{B6AA9282-DCDE-4604-847D-2166AB8BCC7F}.Debug|Any CPU.Build.0 = Debug|Any CPU
		{B6AA9282-DCDE-4604-847D-2166AB8BCC7F}.Release|Any CPU.ActiveCfg = Release|Any CPU
		{B6AA9282-DCDE-4604-847D-2166AB8BCC7F}.Release|Any CPU.Build.0 = Release|Any CPU
	EndGlobalSection
	GlobalSection(SolutionProperties) = preSolution
		HideSolutionNode = FALSE
	EndGlobalSection
	GlobalSection(ExtensibilityGlobals) = postSolution
		SolutionGuid = {1E85DBB7-802D-45DE-B644-BF48B7E434A6}
	EndGlobalSection
EndGlobal
